
Microsoft Visual Studio Solution File, Format Version 12.00
# Visual Studio Version 16
VisualStudioVersion = 16.0.29728.190
MinimumVisualStudioVersion = 10.0.40219.1
Project("{FAE04EC0-301F-11D3-BF4B-00C04F79EFBC}") = "BookListMVC", "BookListMVC\BookListMVC.csproj", "{E11F136F-9AC9-420F-956D-4D10D8FD94CD}"
EndProject
Global
	GlobalSection(SolutionConfigurationPlatforms) = preSolution
		Debug|Any CPU = Debug|Any CPU
		Release|Any CPU = Release|Any CPU
	EndGlobalSection
	GlobalSection(ProjectConfigurationPlatforms) = postSolution
		{E11F136F-9AC9-420F-956D-4D10D8FD94CD}.Debug|Any CPU.ActiveCfg = Debug|Any CPU
		{E11F136F-9AC9-420F-956D-4D10D8FD94CD}.Debug|Any CPU.Build.0 = Debug|Any CPU
		{E11F136F-9AC9-420F-956D-4D10D8FD94CD}.Release|Any CPU.ActiveCfg = Release|Any CPU
		{E11F136F-9AC9-420F-956D-4D10D8FD94CD}.Release|Any CPU.Build.0 = Release|Any CPU
	EndGlobalSection
	GlobalSection(SolutionProperties) = preSolution
		HideSolutionNode = FALSE
	EndGlobalSection
	GlobalSection(ExtensibilityGlobals) = postSolution
		SolutionGuid = {0711479E-10F9-400C-B2E8-515FC87593C4}
	EndGlobalSection
EndGlobal
